// !$*UTF8*$!
{
	archiveVersion = 1;
	classes = {
	};
	objectVersion = 50;
	objects = {

/* Begin PBXBuildFile section */
		05136DAE295303C400ECBCAA /* Baekjoon_14889.swift in Sources */ = {isa = PBXBuildFile; fileRef = 05136DAD295303C400ECBCAA /* Baekjoon_14889.swift */; };
		05136DB0295442DB00ECBCAA /* Baekjoon_2661.swift in Sources */ = {isa = PBXBuildFile; fileRef = 05136DAF295442DB00ECBCAA /* Baekjoon_2661.swift */; };
		051606B4296FA72600A27FB7 /* Helper.swift in Sources */ = {isa = PBXBuildFile; fileRef = 051606B3296FA72600A27FB7 /* Helper.swift */; };
		051606B6296FE48100A27FB7 /* GoldMine.swift in Sources */ = {isa = PBXBuildFile; fileRef = 051606B5296FE48100A27FB7 /* GoldMine.swift */; };
		051606BB296FF65100A27FB7 /* SoldierDeploy.swift in Sources */ = {isa = PBXBuildFile; fileRef = 051606BA296FF65100A27FB7 /* SoldierDeploy.swift */; };
		051606BD296FF9B400A27FB7 /* Baekjoon_11053.swift in Sources */ = {isa = PBXBuildFile; fileRef = 051606BC296FF9B400A27FB7 /* Baekjoon_11053.swift */; };
		051606BF2970F5AE00A27FB7 /* Baekjoon_11054.swift in Sources */ = {isa = PBXBuildFile; fileRef = 051606BE2970F5AE00A27FB7 /* Baekjoon_11054.swift */; };
		051606C12971598C00A27FB7 /* Baekjoon_11055.swift in Sources */ = {isa = PBXBuildFile; fileRef = 051606C02971598C00A27FB7 /* Baekjoon_11055.swift */; };
		05190E532967B67500D62AC1 /* Fibonacci.swift in Sources */ = {isa = PBXBuildFile; fileRef = 05190E522967B67500D62AC1 /* Fibonacci.swift */; };
		05190E552967DFE600D62AC1 /* Baekjoon_1463.swift in Sources */ = {isa = PBXBuildFile; fileRef = 05190E542967DFE600D62AC1 /* Baekjoon_1463.swift */; };
		05190E5729680A1500D62AC1 /* Baekjoon_2293.swift in Sources */ = {isa = PBXBuildFile; fileRef = 05190E5629680A1500D62AC1 /* Baekjoon_2293.swift */; };
		05190E59296823FA00D62AC1 /* Baekjoon_2294.swift in Sources */ = {isa = PBXBuildFile; fileRef = 05190E58296823FA00D62AC1 /* Baekjoon_2294.swift */; };
		0521FD1A2977D15E0074FB75 /* Baekjoon_2193.swift in Sources */ = {isa = PBXBuildFile; fileRef = 0521FD192977D15E0074FB75 /* Baekjoon_2193.swift */; };
		0521FD1C2977EABB0074FB75 /* Baekjoon_11048.swift in Sources */ = {isa = PBXBuildFile; fileRef = 0521FD1B2977EABB0074FB75 /* Baekjoon_11048.swift */; };
		052FB0F1298A2EC300DA7E84 /* DijkstraBasic.swift in Sources */ = {isa = PBXBuildFile; fileRef = 052FB0F0298A2EC300DA7E84 /* DijkstraBasic.swift */; };
		0534E31F295153A900691F0B /* Baekjoon_15649.swift in Sources */ = {isa = PBXBuildFile; fileRef = 0534E31E295153A900691F0B /* Baekjoon_15649.swift */; };
		0534E3212951978500691F0B /* Baekjoon_9663.swift in Sources */ = {isa = PBXBuildFile; fileRef = 0534E3202951978500691F0B /* Baekjoon_9663.swift */; };
		0534E3232951BAE000691F0B /* Baekjoon_10819.swift in Sources */ = {isa = PBXBuildFile; fileRef = 0534E3222951BAE000691F0B /* Baekjoon_10819.swift */; };
		053B97FD2906250800C52524 /* Sol_92341.swift in Sources */ = {isa = PBXBuildFile; fileRef = 053B97FC2906250800C52524 /* Sol_92341.swift */; };
		053BF79A285C41B3002F5AA1 /* Sol_64065.swift in Sources */ = {isa = PBXBuildFile; fileRef = 053BF799285C41B3002F5AA1 /* Sol_64065.swift */; };
		0542318B282F850F00C6E776 /* Baekjoon_5585.swift in Sources */ = {isa = PBXBuildFile; fileRef = 0542318A282F850F00C6E776 /* Baekjoon_5585.swift */; };
		055E45FC2979280200989003 /* Baekjoon_12865.swift in Sources */ = {isa = PBXBuildFile; fileRef = 055E45FB2979280200989003 /* Baekjoon_12865.swift */; };
		055E45FF2979468B00989003 /* Baekjoon_9251.swift in Sources */ = {isa = PBXBuildFile; fileRef = 055E45FE2979468B00989003 /* Baekjoon_9251.swift */; };
		056BEC8D29221530002D99CE /* Baekjoon_1920.swift in Sources */ = {isa = PBXBuildFile; fileRef = 056BEC8C29221530002D99CE /* Baekjoon_1920.swift */; };
		056BEC8F29221B3F002D99CE /* Baekjoon_2805.swift in Sources */ = {isa = PBXBuildFile; fileRef = 056BEC8E29221B3F002D99CE /* Baekjoon_2805.swift */; };
		056BEC91292361EC002D99CE /* Baekjoon_1654.swift in Sources */ = {isa = PBXBuildFile; fileRef = 056BEC90292361EC002D99CE /* Baekjoon_1654.swift */; };
		056BEC932923642F002D99CE /* Baekjoon_10816.swift in Sources */ = {isa = PBXBuildFile; fileRef = 056BEC922923642F002D99CE /* Baekjoon_10816.swift */; };
		056BEC95292367BB002D99CE /* Baekjoon_10815.swift in Sources */ = {isa = PBXBuildFile; fileRef = 056BEC94292367BB002D99CE /* Baekjoon_10815.swift */; };
		056BEC9729237DAC002D99CE /* Baekjoon_2512.swift in Sources */ = {isa = PBXBuildFile; fileRef = 056BEC9629237DAC002D99CE /* Baekjoon_2512.swift */; };
		056BEC9929237E66002D99CE /* Baekjoon_2110.swift in Sources */ = {isa = PBXBuildFile; fileRef = 056BEC9829237E66002D99CE /* Baekjoon_2110.swift */; };
		0574BCF928E5640F00376808 /* Sol_118666.swift in Sources */ = {isa = PBXBuildFile; fileRef = 0574BCF828E5640F00376808 /* Sol_118666.swift */; };
		0574BCFB28E587DD00376808 /* Sol_118667.swift in Sources */ = {isa = PBXBuildFile; fileRef = 0574BCFA28E587DD00376808 /* Sol_118667.swift */; };
		057B81542927655000195AC8 /* Sol_87389.swift in Sources */ = {isa = PBXBuildFile; fileRef = 057B81532927655000195AC8 /* Sol_87389.swift */; };
		057B8156292765B500195AC8 /* Sol_133499.swift in Sources */ = {isa = PBXBuildFile; fileRef = 057B8155292765B500195AC8 /* Sol_133499.swift */; };
		057B815D29277ADE00195AC8 /* Sol_92335.swift in Sources */ = {isa = PBXBuildFile; fileRef = 057B815C29277ADE00195AC8 /* Sol_92335.swift */; };
		0581CF9B29879F090096695B /* IO.swift in Sources */ = {isa = PBXBuildFile; fileRef = 0581CF9A29879F090096695B /* IO.swift */; };
		0581CFA02987B5550096695B /* Baekjoon_1753.swift in Sources */ = {isa = PBXBuildFile; fileRef = 0581CF9F2987B5550096695B /* Baekjoon_1753.swift */; };
		0581CFA32987B5D80096695B /* Baekjoon_11404.swift in Sources */ = {isa = PBXBuildFile; fileRef = 0581CFA22987B5D80096695B /* Baekjoon_11404.swift */; };
		058497DB2959399400698F97 /* Baekjoon_14888.swift in Sources */ = {isa = PBXBuildFile; fileRef = 058497DA2959399400698F97 /* Baekjoon_14888.swift */; };
		058497DE295A8A0000698F97 /* Baekjoon_2667.swift in Sources */ = {isa = PBXBuildFile; fileRef = 058497DD295A8A0000698F97 /* Baekjoon_2667.swift */; };
		058497E0295AACDF00698F97 /* Baekjoon_15684.swift in Sources */ = {isa = PBXBuildFile; fileRef = 058497DF295AACDF00698F97 /* Baekjoon_15684.swift */; };
		058497E2295AC90400698F97 /* Baekjoon_2178.swift in Sources */ = {isa = PBXBuildFile; fileRef = 058497E1295AC90400698F97 /* Baekjoon_2178.swift */; };
		058497E4295C2AC300698F97 /* Baekjoon_14502.swift in Sources */ = {isa = PBXBuildFile; fileRef = 058497E3295C2AC300698F97 /* Baekjoon_14502.swift */; };
		058BD53F299338F90077D81C /* AutoEverTask01.swift in Sources */ = {isa = PBXBuildFile; fileRef = 058BD53E299338F90077D81C /* AutoEverTask01.swift */; };
		058BD542299339180077D81C /* Mobility_Task01.swift in Sources */ = {isa = PBXBuildFile; fileRef = 058BD541299339180077D81C /* Mobility_Task01.swift */; };
		058BD544299339200077D81C /* Mobility_Task02.swift in Sources */ = {isa = PBXBuildFile; fileRef = 058BD543299339200077D81C /* Mobility_Task02.swift */; };
		058BD547299367190077D81C /* Baekjoon_11659.swift in Sources */ = {isa = PBXBuildFile; fileRef = 058BD546299367190077D81C /* Baekjoon_11659.swift */; };
		058BD549299370480077D81C /* Baekjoon_11660.swift in Sources */ = {isa = PBXBuildFile; fileRef = 058BD548299370480077D81C /* Baekjoon_11660.swift */; };
		0591F201290771060028E40A /* DFS.swift in Sources */ = {isa = PBXBuildFile; fileRef = 0591F200290771060028E40A /* DFS.swift */; };
		0591F203290777ED0028E40A /* Queue.swift in Sources */ = {isa = PBXBuildFile; fileRef = 0591F202290777ED0028E40A /* Queue.swift */; };
		0591F2052907783D0028E40A /* BFS.swift in Sources */ = {isa = PBXBuildFile; fileRef = 0591F2042907783D0028E40A /* BFS.swift */; };
		0595B80D29498ADE003F39E3 /* Sol_92344.swift in Sources */ = {isa = PBXBuildFile; fileRef = 0595B80C29498ADE003F39E3 /* Sol_92344.swift */; };
		05A5F44229769A0700D4A4C1 /* Baekjoon_11722.swift in Sources */ = {isa = PBXBuildFile; fileRef = 05A5F44129769A0700D4A4C1 /* Baekjoon_11722.swift */; };
		05A5F4442976B75A00D4A4C1 /* Baekjoon_12015.swift in Sources */ = {isa = PBXBuildFile; fileRef = 05A5F4432976B75A00D4A4C1 /* Baekjoon_12015.swift */; };
		05B34D09298C9432006E87D0 /* FutureCity.swift in Sources */ = {isa = PBXBuildFile; fileRef = 05B34D08298C9432006E87D0 /* FutureCity.swift */; };
		05B34D0C298CA975006E87D0 /* UnionFind.swift in Sources */ = {isa = PBXBuildFile; fileRef = 05B34D0B298CA975006E87D0 /* UnionFind.swift */; };
		05B34D0E298CCDBC006E87D0 /* Kruskal.swift in Sources */ = {isa = PBXBuildFile; fileRef = 05B34D0D298CCDBC006E87D0 /* Kruskal.swift */; };
		05B34D10298CD3BB006E87D0 /* Baekjoon_1922.swift in Sources */ = {isa = PBXBuildFile; fileRef = 05B34D0F298CD3BB006E87D0 /* Baekjoon_1922.swift */; };
		05B34D12298CE3B7006E87D0 /* Baekjoon_2252.swift in Sources */ = {isa = PBXBuildFile; fileRef = 05B34D11298CE3B7006E87D0 /* Baekjoon_2252.swift */; };
		05C198382829346E005D8049 /* Sol_92334.swift in Sources */ = {isa = PBXBuildFile; fileRef = 05C198372829346E005D8049 /* Sol_92334.swift */; };
		05C1983A282936F1005D8049 /* Sol_12948.swift in Sources */ = {isa = PBXBuildFile; fileRef = 05C19839282936F1005D8049 /* Sol_12948.swift */; };
		05D3EC442853388400418EF6 /* Sol_62048.swift in Sources */ = {isa = PBXBuildFile; fileRef = 05D3EC432853388400418EF6 /* Sol_62048.swift */; };
		05D79F6B293F15FC0008154C /* Permutation.swift in Sources */ = {isa = PBXBuildFile; fileRef = 05D79F6A293F15FC0008154C /* Permutation.swift */; };
		05D79F6D293F16070008154C /* Combination.swift in Sources */ = {isa = PBXBuildFile; fileRef = 05D79F6C293F16070008154C /* Combination.swift */; };
		05D79F70293F1C750008154C /* Sequence.swift in Sources */ = {isa = PBXBuildFile; fileRef = 05D79F6F293F1C750008154C /* Sequence.swift */; };
		05D79F72294029CC0008154C /* PrimeNumber.swift in Sources */ = {isa = PBXBuildFile; fileRef = 05D79F71294029CC0008154C /* PrimeNumber.swift */; };
		05D79F742940827F0008154C /* Sol_92342.swift in Sources */ = {isa = PBXBuildFile; fileRef = 05D79F732940827F0008154C /* Sol_92342.swift */; };
		05D7AE55295E9E7F0071065E /* Baekjoon_2146.swift in Sources */ = {isa = PBXBuildFile; fileRef = 05D7AE54295E9E7F0071065E /* Baekjoon_2146.swift */; };
		05DCD37228327E840070B0F7 /* ReadLine.swift in Sources */ = {isa = PBXBuildFile; fileRef = 05DCD37128327E840070B0F7 /* ReadLine.swift */; };
		05DCD375283284DE0070B0F7 /* Baekjoon_11047.swift in Sources */ = {isa = PBXBuildFile; fileRef = 05DCD374283284DE0070B0F7 /* Baekjoon_11047.swift */; };
		05E9AF4728587E09005FFE57 /* Sol_72411.swift in Sources */ = {isa = PBXBuildFile; fileRef = 05E9AF4628587E09005FFE57 /* Sol_72411.swift */; };
		05F328B5296FA26700208EAC /* AntWarrior.swift in Sources */ = {isa = PBXBuildFile; fileRef = 05F328B4296FA26700208EAC /* AntWarrior.swift */; };
		C300F4512829F07E000E8624 /* Sol_68935.swift in Sources */ = {isa = PBXBuildFile; fileRef = C300F4502829F07E000E8624 /* Sol_68935.swift */; };
		C30918E22833394F00BBA72D /* Baekjoon_11399.swift in Sources */ = {isa = PBXBuildFile; fileRef = C30918E12833394F00BBA72D /* Baekjoon_11399.swift */; };
		C30918EF2833834E00BBA72D /* Baekjoon_1946.swift in Sources */ = {isa = PBXBuildFile; fileRef = C30918EE2833834E00BBA72D /* Baekjoon_1946.swift */; };
		C31B94DA2833C2BB0059E872 /* Baekjoon_1715.swift in Sources */ = {isa = PBXBuildFile; fileRef = C31B94D92833C2BB0059E872 /* Baekjoon_1715.swift */; };
		C3252464283B702D0029A63F /* Sol_42840.swift in Sources */ = {isa = PBXBuildFile; fileRef = C3252463283B702D0029A63F /* Sol_42840.swift */; };
		C329DECB283DADB900DE5248 /* Baekjoon_1002.swift in Sources */ = {isa = PBXBuildFile; fileRef = C329DECA283DADB900DE5248 /* Baekjoon_1002.swift */; };
		C329DECD283DBEA000DE5248 /* Baekjoon_1110.swift in Sources */ = {isa = PBXBuildFile; fileRef = C329DECC283DBEA000DE5248 /* Baekjoon_1110.swift */; };
		C329DECF283DFD0800DE5248 /* Baekjoon_7568.swift in Sources */ = {isa = PBXBuildFile; fileRef = C329DECE283DFD0800DE5248 /* Baekjoon_7568.swift */; };
		C33A6F3426EF3534001AC96A /* main.swift in Sources */ = {isa = PBXBuildFile; fileRef = C33A6F3326EF3534001AC96A /* main.swift */; };
		C33C03ED275D915400124432 /* Two_Sum.swift in Sources */ = {isa = PBXBuildFile; fileRef = C33C03EC275D915400124432 /* Two_Sum.swift */; };
		C33C03EF275D924200124432 /* Sol_81302.swift in Sources */ = {isa = PBXBuildFile; fileRef = C33C03EE275D924200124432 /* Sol_81302.swift */; };
		C33C1CBD283B7BB000579B0C /* Baekjoon_1018.swift in Sources */ = {isa = PBXBuildFile; fileRef = C33C1CBC283B7BB000579B0C /* Baekjoon_1018.swift */; };
		C38D322D271127B800E79497 /* Sol_86491.swift in Sources */ = {isa = PBXBuildFile; fileRef = C38D322C271127B800E79497 /* Sol_86491.swift */; };
		C38D323027112F8200E79497 /* Log.swift in Sources */ = {isa = PBXBuildFile; fileRef = C38D322F27112F8200E79497 /* Log.swift */; };
		C38D3234271135AF00E79497 /* Test.swift in Sources */ = {isa = PBXBuildFile; fileRef = C38D3233271135AF00E79497 /* Test.swift */; };
		C38F67A52840957E0054FCFF /* Sol_42839.swift in Sources */ = {isa = PBXBuildFile; fileRef = C38F67A42840957E0054FCFF /* Sol_42839.swift */; };
		C399DC652834B96E00A68152 /* Baekjoon_2231.swift in Sources */ = {isa = PBXBuildFile; fileRef = C399DC642834B96E00A68152 /* Baekjoon_2231.swift */; };
		C399DC672834E30200A68152 /* Baekjoon_2798.swift in Sources */ = {isa = PBXBuildFile; fileRef = C399DC662834E30200A68152 /* Baekjoon_2798.swift */; };
		C399DC70283624C500A68152 /* PriorityQueue.swift in Sources */ = {isa = PBXBuildFile; fileRef = C399DC6F283624C500A68152 /* PriorityQueue.swift */; };
		C399DC72283624F400A68152 /* Heap.swift in Sources */ = {isa = PBXBuildFile; fileRef = C399DC71283624F400A68152 /* Heap.swift */; };
		C399DC752836250700A68152 /* HeapTests.swift in Sources */ = {isa = PBXBuildFile; fileRef = C399DC742836250700A68152 /* HeapTests.swift */; };
		C399DC772836251E00A68152 /* PriorityQueueTests.swift in Sources */ = {isa = PBXBuildFile; fileRef = C399DC762836251E00A68152 /* PriorityQueueTests.swift */; };
		C399DC7A283627DA00A68152 /* Baekjoon_11279.swift in Sources */ = {isa = PBXBuildFile; fileRef = C399DC79283627DA00A68152 /* Baekjoon_11279.swift */; };
		C3E36C8E274B2628000955B7 /* Palindrome_number.swift in Sources */ = {isa = PBXBuildFile; fileRef = C3E36C8D274B2628000955B7 /* Palindrome_number.swift */; };
		C3FBC0EB274DF8C9000983D5 /* Sol_12973.swift in Sources */ = {isa = PBXBuildFile; fileRef = C3FBC0EA274DF8C9000983D5 /* Sol_12973.swift */; };
		F48B687B2765E349004CC780 /* Sol_76501.swift in Sources */ = {isa = PBXBuildFile; fileRef = F48B687A2765E349004CC780 /* Sol_76501.swift */; };
		F48B687E2765FC27004CC780 /* Sol_12911.swift in Sources */ = {isa = PBXBuildFile; fileRef = F48B687D2765FC27004CC780 /* Sol_12911.swift */; };
		F4C80A11271AB6DE00CD72C4 /* Sol_86051.swift in Sources */ = {isa = PBXBuildFile; fileRef = F4C80A10271AB6DE00CD72C4 /* Sol_86051.swift */; };
/* End PBXBuildFile section */

/* Begin PBXCopyFilesBuildPhase section */
		C33A6F2E26EF3534001AC96A /* CopyFiles */ = {
			isa = PBXCopyFilesBuildPhase;
			buildActionMask = 2147483647;
			dstPath = /usr/share/man/man1/;
			dstSubfolderSpec = 0;
			files = (
			);
			runOnlyForDeploymentPostprocessing = 1;
		};
/* End PBXCopyFilesBuildPhase section */

/* Begin PBXFileReference section */
		05136DAD295303C400ECBCAA /* Baekjoon_14889.swift */ = {isa = PBXFileReference; lastKnownFileType = sourcecode.swift; path = Baekjoon_14889.swift; sourceTree = "<group>"; };
		05136DAF295442DB00ECBCAA /* Baekjoon_2661.swift */ = {isa = PBXFileReference; lastKnownFileType = sourcecode.swift; path = Baekjoon_2661.swift; sourceTree = "<group>"; };
		051606B3296FA72600A27FB7 /* Helper.swift */ = {isa = PBXFileReference; lastKnownFileType = sourcecode.swift; path = Helper.swift; sourceTree = "<group>"; };
		051606B5296FE48100A27FB7 /* GoldMine.swift */ = {isa = PBXFileReference; lastKnownFileType = sourcecode.swift; path = GoldMine.swift; sourceTree = "<group>"; };
		051606BA296FF65100A27FB7 /* SoldierDeploy.swift */ = {isa = PBXFileReference; lastKnownFileType = sourcecode.swift; path = SoldierDeploy.swift; sourceTree = "<group>"; };
		051606BC296FF9B400A27FB7 /* Baekjoon_11053.swift */ = {isa = PBXFileReference; lastKnownFileType = sourcecode.swift; path = Baekjoon_11053.swift; sourceTree = "<group>"; };
		051606BE2970F5AE00A27FB7 /* Baekjoon_11054.swift */ = {isa = PBXFileReference; lastKnownFileType = sourcecode.swift; path = Baekjoon_11054.swift; sourceTree = "<group>"; };
		051606C02971598C00A27FB7 /* Baekjoon_11055.swift */ = {isa = PBXFileReference; lastKnownFileType = sourcecode.swift; path = Baekjoon_11055.swift; sourceTree = "<group>"; };
		05190E522967B67500D62AC1 /* Fibonacci.swift */ = {isa = PBXFileReference; lastKnownFileType = sourcecode.swift; path = Fibonacci.swift; sourceTree = "<group>"; };
		05190E542967DFE600D62AC1 /* Baekjoon_1463.swift */ = {isa = PBXFileReference; lastKnownFileType = sourcecode.swift; path = Baekjoon_1463.swift; sourceTree = "<group>"; };
		05190E5629680A1500D62AC1 /* Baekjoon_2293.swift */ = {isa = PBXFileReference; lastKnownFileType = sourcecode.swift; path = Baekjoon_2293.swift; sourceTree = "<group>"; };
		05190E58296823FA00D62AC1 /* Baekjoon_2294.swift */ = {isa = PBXFileReference; lastKnownFileType = sourcecode.swift; path = Baekjoon_2294.swift; sourceTree = "<group>"; };
		0521FD192977D15E0074FB75 /* Baekjoon_2193.swift */ = {isa = PBXFileReference; lastKnownFileType = sourcecode.swift; path = Baekjoon_2193.swift; sourceTree = "<group>"; };
		0521FD1B2977EABB0074FB75 /* Baekjoon_11048.swift */ = {isa = PBXFileReference; lastKnownFileType = sourcecode.swift; path = Baekjoon_11048.swift; sourceTree = "<group>"; };
		052FB0F0298A2EC300DA7E84 /* DijkstraBasic.swift */ = {isa = PBXFileReference; lastKnownFileType = sourcecode.swift; path = DijkstraBasic.swift; sourceTree = "<group>"; };
		0534E31E295153A900691F0B /* Baekjoon_15649.swift */ = {isa = PBXFileReference; lastKnownFileType = sourcecode.swift; path = Baekjoon_15649.swift; sourceTree = "<group>"; };
		0534E3202951978500691F0B /* Baekjoon_9663.swift */ = {isa = PBXFileReference; lastKnownFileType = sourcecode.swift; path = Baekjoon_9663.swift; sourceTree = "<group>"; };
		0534E3222951BAE000691F0B /* Baekjoon_10819.swift */ = {isa = PBXFileReference; lastKnownFileType = sourcecode.swift; path = Baekjoon_10819.swift; sourceTree = "<group>"; };
		053B97FC2906250800C52524 /* Sol_92341.swift */ = {isa = PBXFileReference; lastKnownFileType = sourcecode.swift; path = Sol_92341.swift; sourceTree = "<group>"; };
		053BF799285C41B3002F5AA1 /* Sol_64065.swift */ = {isa = PBXFileReference; lastKnownFileType = sourcecode.swift; path = Sol_64065.swift; sourceTree = "<group>"; };
		0542318A282F850F00C6E776 /* Baekjoon_5585.swift */ = {isa = PBXFileReference; lastKnownFileType = sourcecode.swift; path = Baekjoon_5585.swift; sourceTree = "<group>"; };
		055E45FB2979280200989003 /* Baekjoon_12865.swift */ = {isa = PBXFileReference; lastKnownFileType = sourcecode.swift; path = Baekjoon_12865.swift; sourceTree = "<group>"; };
		055E45FE2979468B00989003 /* Baekjoon_9251.swift */ = {isa = PBXFileReference; lastKnownFileType = sourcecode.swift; path = Baekjoon_9251.swift; sourceTree = "<group>"; };
		056BEC8C29221530002D99CE /* Baekjoon_1920.swift */ = {isa = PBXFileReference; lastKnownFileType = sourcecode.swift; path = Baekjoon_1920.swift; sourceTree = "<group>"; };
		056BEC8E29221B3F002D99CE /* Baekjoon_2805.swift */ = {isa = PBXFileReference; lastKnownFileType = sourcecode.swift; path = Baekjoon_2805.swift; sourceTree = "<group>"; };
		056BEC90292361EC002D99CE /* Baekjoon_1654.swift */ = {isa = PBXFileReference; lastKnownFileType = sourcecode.swift; path = Baekjoon_1654.swift; sourceTree = "<group>"; };
		056BEC922923642F002D99CE /* Baekjoon_10816.swift */ = {isa = PBXFileReference; lastKnownFileType = sourcecode.swift; path = Baekjoon_10816.swift; sourceTree = "<group>"; };
		056BEC94292367BB002D99CE /* Baekjoon_10815.swift */ = {isa = PBXFileReference; lastKnownFileType = sourcecode.swift; path = Baekjoon_10815.swift; sourceTree = "<group>"; };
		056BEC9629237DAC002D99CE /* Baekjoon_2512.swift */ = {isa = PBXFileReference; lastKnownFileType = sourcecode.swift; path = Baekjoon_2512.swift; sourceTree = "<group>"; };
		056BEC9829237E66002D99CE /* Baekjoon_2110.swift */ = {isa = PBXFileReference; lastKnownFileType = sourcecode.swift; path = Baekjoon_2110.swift; sourceTree = "<group>"; };
		0574BCF828E5640F00376808 /* Sol_118666.swift */ = {isa = PBXFileReference; lastKnownFileType = sourcecode.swift; path = Sol_118666.swift; sourceTree = "<group>"; };
		0574BCFA28E587DD00376808 /* Sol_118667.swift */ = {isa = PBXFileReference; lastKnownFileType = sourcecode.swift; path = Sol_118667.swift; sourceTree = "<group>"; };
		057B81532927655000195AC8 /* Sol_87389.swift */ = {isa = PBXFileReference; lastKnownFileType = sourcecode.swift; path = Sol_87389.swift; sourceTree = "<group>"; };
		057B8155292765B500195AC8 /* Sol_133499.swift */ = {isa = PBXFileReference; lastKnownFileType = sourcecode.swift; path = Sol_133499.swift; sourceTree = "<group>"; };
		057B815C29277ADE00195AC8 /* Sol_92335.swift */ = {isa = PBXFileReference; lastKnownFileType = sourcecode.swift; path = Sol_92335.swift; sourceTree = "<group>"; };
		0581CF9A29879F090096695B /* IO.swift */ = {isa = PBXFileReference; lastKnownFileType = sourcecode.swift; path = IO.swift; sourceTree = "<group>"; };
		0581CF9D2987B22E0096695B /* ShortestPath.md */ = {isa = PBXFileReference; lastKnownFileType = net.daringfireball.markdown; path = ShortestPath.md; sourceTree = "<group>"; };
		0581CF9F2987B5550096695B /* Baekjoon_1753.swift */ = {isa = PBXFileReference; lastKnownFileType = sourcecode.swift; path = Baekjoon_1753.swift; sourceTree = "<group>"; };
		0581CFA22987B5D80096695B /* Baekjoon_11404.swift */ = {isa = PBXFileReference; lastKnownFileType = sourcecode.swift; path = Baekjoon_11404.swift; sourceTree = "<group>"; };
		058497DA2959399400698F97 /* Baekjoon_14888.swift */ = {isa = PBXFileReference; lastKnownFileType = sourcecode.swift; path = Baekjoon_14888.swift; sourceTree = "<group>"; };
		058497DD295A8A0000698F97 /* Baekjoon_2667.swift */ = {isa = PBXFileReference; lastKnownFileType = sourcecode.swift; path = Baekjoon_2667.swift; sourceTree = "<group>"; };
		058497DF295AACDF00698F97 /* Baekjoon_15684.swift */ = {isa = PBXFileReference; lastKnownFileType = sourcecode.swift; path = Baekjoon_15684.swift; sourceTree = "<group>"; };
		058497E1295AC90400698F97 /* Baekjoon_2178.swift */ = {isa = PBXFileReference; lastKnownFileType = sourcecode.swift; path = Baekjoon_2178.swift; sourceTree = "<group>"; };
		058497E3295C2AC300698F97 /* Baekjoon_14502.swift */ = {isa = PBXFileReference; lastKnownFileType = sourcecode.swift; path = Baekjoon_14502.swift; sourceTree = "<group>"; };
		058BD53E299338F90077D81C /* AutoEverTask01.swift */ = {isa = PBXFileReference; lastKnownFileType = sourcecode.swift; path = AutoEverTask01.swift; sourceTree = "<group>"; };
		058BD541299339180077D81C /* Mobility_Task01.swift */ = {isa = PBXFileReference; lastKnownFileType = sourcecode.swift; path = Mobility_Task01.swift; sourceTree = "<group>"; };
		058BD543299339200077D81C /* Mobility_Task02.swift */ = {isa = PBXFileReference; lastKnownFileType = sourcecode.swift; path = Mobility_Task02.swift; sourceTree = "<group>"; };
		058BD546299367190077D81C /* Baekjoon_11659.swift */ = {isa = PBXFileReference; lastKnownFileType = sourcecode.swift; path = Baekjoon_11659.swift; sourceTree = "<group>"; };
		058BD548299370480077D81C /* Baekjoon_11660.swift */ = {isa = PBXFileReference; lastKnownFileType = sourcecode.swift; path = Baekjoon_11660.swift; sourceTree = "<group>"; };
		0591F200290771060028E40A /* DFS.swift */ = {isa = PBXFileReference; lastKnownFileType = sourcecode.swift; path = DFS.swift; sourceTree = "<group>"; };
		0591F202290777ED0028E40A /* Queue.swift */ = {isa = PBXFileReference; lastKnownFileType = sourcecode.swift; path = Queue.swift; sourceTree = "<group>"; };
		0591F2042907783D0028E40A /* BFS.swift */ = {isa = PBXFileReference; lastKnownFileType = sourcecode.swift; path = BFS.swift; sourceTree = "<group>"; };
		0595B80C29498ADE003F39E3 /* Sol_92344.swift */ = {isa = PBXFileReference; lastKnownFileType = sourcecode.swift; path = Sol_92344.swift; sourceTree = "<group>"; };
		05A5F44129769A0700D4A4C1 /* Baekjoon_11722.swift */ = {isa = PBXFileReference; lastKnownFileType = sourcecode.swift; path = Baekjoon_11722.swift; sourceTree = "<group>"; };
		05A5F4432976B75A00D4A4C1 /* Baekjoon_12015.swift */ = {isa = PBXFileReference; lastKnownFileType = sourcecode.swift; path = Baekjoon_12015.swift; sourceTree = "<group>"; };
		05B34D08298C9432006E87D0 /* FutureCity.swift */ = {isa = PBXFileReference; lastKnownFileType = sourcecode.swift; path = FutureCity.swift; sourceTree = "<group>"; };
		05B34D0B298CA975006E87D0 /* UnionFind.swift */ = {isa = PBXFileReference; lastKnownFileType = sourcecode.swift; path = UnionFind.swift; sourceTree = "<group>"; };
		05B34D0D298CCDBC006E87D0 /* Kruskal.swift */ = {isa = PBXFileReference; lastKnownFileType = sourcecode.swift; path = Kruskal.swift; sourceTree = "<group>"; };
		05B34D0F298CD3BB006E87D0 /* Baekjoon_1922.swift */ = {isa = PBXFileReference; lastKnownFileType = sourcecode.swift; path = Baekjoon_1922.swift; sourceTree = "<group>"; };
		05B34D11298CE3B7006E87D0 /* Baekjoon_2252.swift */ = {isa = PBXFileReference; lastKnownFileType = sourcecode.swift; path = Baekjoon_2252.swift; sourceTree = "<group>"; };
		05C198372829346E005D8049 /* Sol_92334.swift */ = {isa = PBXFileReference; lastKnownFileType = sourcecode.swift; path = Sol_92334.swift; sourceTree = "<group>"; };
		05C19839282936F1005D8049 /* Sol_12948.swift */ = {isa = PBXFileReference; lastKnownFileType = sourcecode.swift; path = Sol_12948.swift; sourceTree = "<group>"; };
		05D3EC432853388400418EF6 /* Sol_62048.swift */ = {isa = PBXFileReference; lastKnownFileType = sourcecode.swift; path = Sol_62048.swift; sourceTree = "<group>"; };
		05D79F6A293F15FC0008154C /* Permutation.swift */ = {isa = PBXFileReference; lastKnownFileType = sourcecode.swift; path = Permutation.swift; sourceTree = "<group>"; };
		05D79F6C293F16070008154C /* Combination.swift */ = {isa = PBXFileReference; lastKnownFileType = sourcecode.swift; path = Combination.swift; sourceTree = "<group>"; };
		05D79F6F293F1C750008154C /* Sequence.swift */ = {isa = PBXFileReference; lastKnownFileType = sourcecode.swift; path = Sequence.swift; sourceTree = "<group>"; };
		05D79F71294029CC0008154C /* PrimeNumber.swift */ = {isa = PBXFileReference; lastKnownFileType = sourcecode.swift; path = PrimeNumber.swift; sourceTree = "<group>"; };
		05D79F732940827F0008154C /* Sol_92342.swift */ = {isa = PBXFileReference; lastKnownFileType = sourcecode.swift; path = Sol_92342.swift; sourceTree = "<group>"; };
		05D7AE54295E9E7F0071065E /* Baekjoon_2146.swift */ = {isa = PBXFileReference; lastKnownFileType = sourcecode.swift; path = Baekjoon_2146.swift; sourceTree = "<group>"; };
		05DCD37128327E840070B0F7 /* ReadLine.swift */ = {isa = PBXFileReference; lastKnownFileType = sourcecode.swift; path = ReadLine.swift; sourceTree = "<group>"; };
		05DCD374283284DE0070B0F7 /* Baekjoon_11047.swift */ = {isa = PBXFileReference; lastKnownFileType = sourcecode.swift; path = Baekjoon_11047.swift; sourceTree = "<group>"; };
		05E9AF4628587E09005FFE57 /* Sol_72411.swift */ = {isa = PBXFileReference; lastKnownFileType = sourcecode.swift; path = Sol_72411.swift; sourceTree = "<group>"; };
		05F328B4296FA26700208EAC /* AntWarrior.swift */ = {isa = PBXFileReference; lastKnownFileType = sourcecode.swift; path = AntWarrior.swift; sourceTree = "<group>"; };
		C300F4502829F07E000E8624 /* Sol_68935.swift */ = {isa = PBXFileReference; lastKnownFileType = sourcecode.swift; path = Sol_68935.swift; sourceTree = "<group>"; };
		C30918E12833394F00BBA72D /* Baekjoon_11399.swift */ = {isa = PBXFileReference; lastKnownFileType = sourcecode.swift; path = Baekjoon_11399.swift; sourceTree = "<group>"; };
		C30918E328333A0F00BBA72D /* Memo.playground */ = {isa = PBXFileReference; lastKnownFileType = file.playground; path = Memo.playground; sourceTree = "<group>"; xcLanguageSpecificationIdentifier = xcode.lang.swift; };
		C30918EE2833834E00BBA72D /* Baekjoon_1946.swift */ = {isa = PBXFileReference; lastKnownFileType = sourcecode.swift; path = Baekjoon_1946.swift; sourceTree = "<group>"; };
		C31B94D92833C2BB0059E872 /* Baekjoon_1715.swift */ = {isa = PBXFileReference; lastKnownFileType = sourcecode.swift; path = Baekjoon_1715.swift; sourceTree = "<group>"; };
		C3252463283B702D0029A63F /* Sol_42840.swift */ = {isa = PBXFileReference; lastKnownFileType = sourcecode.swift; path = Sol_42840.swift; sourceTree = "<group>"; };
		C329DECA283DADB900DE5248 /* Baekjoon_1002.swift */ = {isa = PBXFileReference; lastKnownFileType = sourcecode.swift; path = Baekjoon_1002.swift; sourceTree = "<group>"; };
		C329DECC283DBEA000DE5248 /* Baekjoon_1110.swift */ = {isa = PBXFileReference; lastKnownFileType = sourcecode.swift; path = Baekjoon_1110.swift; sourceTree = "<group>"; };
		C329DECE283DFD0800DE5248 /* Baekjoon_7568.swift */ = {isa = PBXFileReference; lastKnownFileType = sourcecode.swift; path = Baekjoon_7568.swift; sourceTree = "<group>"; };
		C33A6F3026EF3534001AC96A /* CodingTest */ = {isa = PBXFileReference; explicitFileType = "compiled.mach-o.executable"; includeInIndex = 0; path = CodingTest; sourceTree = BUILT_PRODUCTS_DIR; };
		C33A6F3326EF3534001AC96A /* main.swift */ = {isa = PBXFileReference; lastKnownFileType = sourcecode.swift; path = main.swift; sourceTree = "<group>"; };
		C33C03EC275D915400124432 /* Two_Sum.swift */ = {isa = PBXFileReference; lastKnownFileType = sourcecode.swift; path = Two_Sum.swift; sourceTree = "<group>"; };
		C33C03EE275D924200124432 /* Sol_81302.swift */ = {isa = PBXFileReference; lastKnownFileType = sourcecode.swift; path = Sol_81302.swift; sourceTree = "<group>"; };
		C33C1CBC283B7BB000579B0C /* Baekjoon_1018.swift */ = {isa = PBXFileReference; lastKnownFileType = sourcecode.swift; path = Baekjoon_1018.swift; sourceTree = "<group>"; };
		C38D322C271127B800E79497 /* Sol_86491.swift */ = {isa = PBXFileReference; lastKnownFileType = sourcecode.swift; path = Sol_86491.swift; sourceTree = "<group>"; };
		C38D322F27112F8200E79497 /* Log.swift */ = {isa = PBXFileReference; lastKnownFileType = sourcecode.swift; path = Log.swift; sourceTree = "<group>"; };
		C38D3233271135AF00E79497 /* Test.swift */ = {isa = PBXFileReference; lastKnownFileType = sourcecode.swift; path = Test.swift; sourceTree = "<group>"; };
		C38F67A42840957E0054FCFF /* Sol_42839.swift */ = {isa = PBXFileReference; lastKnownFileType = sourcecode.swift; path = Sol_42839.swift; sourceTree = "<group>"; };
		C399DC642834B96E00A68152 /* Baekjoon_2231.swift */ = {isa = PBXFileReference; lastKnownFileType = sourcecode.swift; path = Baekjoon_2231.swift; sourceTree = "<group>"; };
		C399DC662834E30200A68152 /* Baekjoon_2798.swift */ = {isa = PBXFileReference; lastKnownFileType = sourcecode.swift; path = Baekjoon_2798.swift; sourceTree = "<group>"; };
		C399DC6F283624C500A68152 /* PriorityQueue.swift */ = {isa = PBXFileReference; fileEncoding = 4; lastKnownFileType = sourcecode.swift; path = PriorityQueue.swift; sourceTree = "<group>"; };
		C399DC71283624F400A68152 /* Heap.swift */ = {isa = PBXFileReference; fileEncoding = 4; lastKnownFileType = sourcecode.swift; path = Heap.swift; sourceTree = "<group>"; };
		C399DC742836250700A68152 /* HeapTests.swift */ = {isa = PBXFileReference; fileEncoding = 4; lastKnownFileType = sourcecode.swift; path = HeapTests.swift; sourceTree = "<group>"; };
		C399DC762836251E00A68152 /* PriorityQueueTests.swift */ = {isa = PBXFileReference; fileEncoding = 4; lastKnownFileType = sourcecode.swift; path = PriorityQueueTests.swift; sourceTree = "<group>"; };
		C399DC79283627DA00A68152 /* Baekjoon_11279.swift */ = {isa = PBXFileReference; lastKnownFileType = sourcecode.swift; path = Baekjoon_11279.swift; sourceTree = "<group>"; };
		C3E36C8D274B2628000955B7 /* Palindrome_number.swift */ = {isa = PBXFileReference; lastKnownFileType = sourcecode.swift; path = Palindrome_number.swift; sourceTree = "<group>"; };
		C3FBC0EA274DF8C9000983D5 /* Sol_12973.swift */ = {isa = PBXFileReference; lastKnownFileType = sourcecode.swift; path = Sol_12973.swift; sourceTree = "<group>"; };
		F48B687A2765E349004CC780 /* Sol_76501.swift */ = {isa = PBXFileReference; lastKnownFileType = sourcecode.swift; path = Sol_76501.swift; sourceTree = "<group>"; };
		F48B687D2765FC27004CC780 /* Sol_12911.swift */ = {isa = PBXFileReference; lastKnownFileType = sourcecode.swift; path = Sol_12911.swift; sourceTree = "<group>"; };
		F4C80A10271AB6DE00CD72C4 /* Sol_86051.swift */ = {isa = PBXFileReference; lastKnownFileType = sourcecode.swift; path = Sol_86051.swift; sourceTree = "<group>"; };
		F4C80A14271ABB4800CD72C4 /* README.md */ = {isa = PBXFileReference; lastKnownFileType = net.daringfireball.markdown; path = README.md; sourceTree = "<group>"; };
/* End PBXFileReference section */

/* Begin PBXFrameworksBuildPhase section */
		C33A6F2D26EF3534001AC96A /* Frameworks */ = {
			isa = PBXFrameworksBuildPhase;
			buildActionMask = 2147483647;
			files = (
			);
			runOnlyForDeploymentPostprocessing = 0;
		};
/* End PBXFrameworksBuildPhase section */

/* Begin PBXGroup section */
		051606B7296FF3CB00A27FB7 /* LIS */ = {
			isa = PBXGroup;
			children = (
				051606BC296FF9B400A27FB7 /* Baekjoon_11053.swift */,
				051606BE2970F5AE00A27FB7 /* Baekjoon_11054.swift */,
				051606C02971598C00A27FB7 /* Baekjoon_11055.swift */,
				05A5F44129769A0700D4A4C1 /* Baekjoon_11722.swift */,
			);
			path = LIS;
			sourceTree = "<group>";
		};
		05190E512967B65300D62AC1 /* DP */ = {
			isa = PBXGroup;
			children = (
				055E45FD29792A7700989003 /* LCS */,
				051606B7296FF3CB00A27FB7 /* LIS */,
				055E45FA2979020F00989003 /* Knapsack */,
				05190E522967B67500D62AC1 /* Fibonacci.swift */,
				05190E542967DFE600D62AC1 /* Baekjoon_1463.swift */,
				05190E5629680A1500D62AC1 /* Baekjoon_2293.swift */,
				05190E58296823FA00D62AC1 /* Baekjoon_2294.swift */,
				05F328B4296FA26700208EAC /* AntWarrior.swift */,
				051606B5296FE48100A27FB7 /* GoldMine.swift */,
				051606BA296FF65100A27FB7 /* SoldierDeploy.swift */,
				0521FD192977D15E0074FB75 /* Baekjoon_2193.swift */,
				0521FD1B2977EABB0074FB75 /* Baekjoon_11048.swift */,
			);
			path = DP;
			sourceTree = "<group>";
		};
		0534E31D2951537E00691F0B /* BackTracking */ = {
			isa = PBXGroup;
			children = (
				0534E31E295153A900691F0B /* Baekjoon_15649.swift */,
				0534E3202951978500691F0B /* Baekjoon_9663.swift */,
				0534E3222951BAE000691F0B /* Baekjoon_10819.swift */,
				05136DAF295442DB00ECBCAA /* Baekjoon_2661.swift */,
			);
			path = BackTracking;
			sourceTree = "<group>";
		};
		05423189282F849100C6E776 /* BOJ */ = {
			isa = PBXGroup;
			children = (
				058BD545299366C70077D81C /* SegmentSum */,
				05B34D0A298CA953006E87D0 /* GraphETC */,
				0581CF9C2987B1FB0096695B /* ShortestPath */,
				05190E512967B65300D62AC1 /* DP */,
				058497DC295A897C00698F97 /* DFS&BFS */,
				0534E31D2951537E00691F0B /* BackTracking */,
				056BEC8B29221415002D99CE /* BinarySearch */,
				C329DEC9283DAD9100DE5248 /* Implementation */,
				C399DC78283627AB00A68152 /* PriorityQueue */,
				C399DC632834B94500A68152 /* BruteForce */,
				05DCD373283284320070B0F7 /* Greedy */,
			);
			path = BOJ;
			sourceTree = "<group>";
		};
		055E45FA2979020F00989003 /* Knapsack */ = {
			isa = PBXGroup;
			children = (
				055E45FB2979280200989003 /* Baekjoon_12865.swift */,
			);
			path = Knapsack;
			sourceTree = "<group>";
		};
		055E45FD29792A7700989003 /* LCS */ = {
			isa = PBXGroup;
			children = (
				055E45FE2979468B00989003 /* Baekjoon_9251.swift */,
			);
			path = LCS;
			sourceTree = "<group>";
		};
		056BEC8B29221415002D99CE /* BinarySearch */ = {
			isa = PBXGroup;
			children = (
				056BEC8C29221530002D99CE /* Baekjoon_1920.swift */,
				056BEC8E29221B3F002D99CE /* Baekjoon_2805.swift */,
				056BEC90292361EC002D99CE /* Baekjoon_1654.swift */,
				056BEC922923642F002D99CE /* Baekjoon_10816.swift */,
				056BEC94292367BB002D99CE /* Baekjoon_10815.swift */,
				056BEC9629237DAC002D99CE /* Baekjoon_2512.swift */,
				056BEC9829237E66002D99CE /* Baekjoon_2110.swift */,
				05A5F4432976B75A00D4A4C1 /* Baekjoon_12015.swift */,
			);
			path = BinarySearch;
			sourceTree = "<group>";
		};
		05789C47299213A000943924 /* AutoEver */ = {
			isa = PBXGroup;
			children = (
				058BD53E299338F90077D81C /* AutoEverTask01.swift */,
			);
			path = AutoEver;
			sourceTree = "<group>";
		};
		057B81522927652D00195AC8 /* Level1 */ = {
			isa = PBXGroup;
			children = (
				057B81532927655000195AC8 /* Sol_87389.swift */,
				057B8155292765B500195AC8 /* Sol_133499.swift */,
			);
			path = Level1;
			sourceTree = "<group>";
		};
		057B815729277ABF00195AC8 /* Level2 */ = {
			isa = PBXGroup;
			children = (
				057B815C29277ADE00195AC8 /* Sol_92335.swift */,
			);
			path = Level2;
			sourceTree = "<group>";
		};
		0581CF9C2987B1FB0096695B /* ShortestPath */ = {
			isa = PBXGroup;
			children = (
				0581CF9D2987B22E0096695B /* ShortestPath.md */,
				0581CF9E2987B5050096695B /* Dijkstra */,
				0581CFA12987B58B0096695B /* FloydWarshall */,
			);
			path = ShortestPath;
			sourceTree = "<group>";
		};
		0581CF9E2987B5050096695B /* Dijkstra */ = {
			isa = PBXGroup;
			children = (
				0581CF9F2987B5550096695B /* Baekjoon_1753.swift */,
				052FB0F0298A2EC300DA7E84 /* DijkstraBasic.swift */,
			);
			path = Dijkstra;
			sourceTree = "<group>";
		};
		0581CFA12987B58B0096695B /* FloydWarshall */ = {
			isa = PBXGroup;
			children = (
				0581CFA22987B5D80096695B /* Baekjoon_11404.swift */,
				05B34D08298C9432006E87D0 /* FutureCity.swift */,
			);
			path = FloydWarshall;
			sourceTree = "<group>";
		};
		058497DC295A897C00698F97 /* DFS&BFS */ = {
			isa = PBXGroup;
			children = (
				058497DD295A8A0000698F97 /* Baekjoon_2667.swift */,
				058497E1295AC90400698F97 /* Baekjoon_2178.swift */,
				058497E3295C2AC300698F97 /* Baekjoon_14502.swift */,
				05D7AE54295E9E7F0071065E /* Baekjoon_2146.swift */,
			);
			path = "DFS&BFS";
			sourceTree = "<group>";
		};
		058BD540299338FE0077D81C /* Mobility */ = {
			isa = PBXGroup;
			children = (
				058BD541299339180077D81C /* Mobility_Task01.swift */,
				058BD543299339200077D81C /* Mobility_Task02.swift */,
			);
			path = Mobility;
			sourceTree = "<group>";
		};
		058BD545299366C70077D81C /* SegmentSum */ = {
			isa = PBXGroup;
			children = (
				058BD546299367190077D81C /* Baekjoon_11659.swift */,
				058BD548299370480077D81C /* Baekjoon_11660.swift */,
			);
			path = SegmentSum;
			sourceTree = "<group>";
		};
		0591F1FF290770E40028E40A /* Category */ = {
			isa = PBXGroup;
			children = (
				0591F200290771060028E40A /* DFS.swift */,
				0591F2042907783D0028E40A /* BFS.swift */,
				05D79F6A293F15FC0008154C /* Permutation.swift */,
				05D79F6C293F16070008154C /* Combination.swift */,
				05D79F71294029CC0008154C /* PrimeNumber.swift */,
			);
			path = Category;
			sourceTree = "<group>";
		};
		05B34D0A298CA953006E87D0 /* GraphETC */ = {
			isa = PBXGroup;
			children = (
				05B34D0B298CA975006E87D0 /* UnionFind.swift */,
				05B34D0D298CCDBC006E87D0 /* Kruskal.swift */,
				05B34D0F298CD3BB006E87D0 /* Baekjoon_1922.swift */,
				05B34D11298CE3B7006E87D0 /* Baekjoon_2252.swift */,
			);
			path = GraphETC;
			sourceTree = "<group>";
		};
		05D79F6E293F1C610008154C /* Extension */ = {
			isa = PBXGroup;
			children = (
				05D79F6F293F1C750008154C /* Sequence.swift */,
			);
			path = Extension;
			sourceTree = "<group>";
		};
		05DCD373283284320070B0F7 /* Greedy */ = {
			isa = PBXGroup;
			children = (
				0542318A282F850F00C6E776 /* Baekjoon_5585.swift */,
				05DCD374283284DE0070B0F7 /* Baekjoon_11047.swift */,
				C30918E12833394F00BBA72D /* Baekjoon_11399.swift */,
				C30918EE2833834E00BBA72D /* Baekjoon_1946.swift */,
				C31B94D92833C2BB0059E872 /* Baekjoon_1715.swift */,
			);
			path = Greedy;
			sourceTree = "<group>";
		};
		C329DEC9283DAD9100DE5248 /* Implementation */ = {
			isa = PBXGroup;
			children = (
				C329DECA283DADB900DE5248 /* Baekjoon_1002.swift */,
				C329DECC283DBEA000DE5248 /* Baekjoon_1110.swift */,
				C329DECE283DFD0800DE5248 /* Baekjoon_7568.swift */,
			);
			path = Implementation;
			sourceTree = "<group>";
		};
		C33A6F2726EF3534001AC96A = {
			isa = PBXGroup;
			children = (
				F4C80A14271ABB4800CD72C4 /* README.md */,
				C33A6F3226EF3534001AC96A /* CodingTest */,
				C33A6F3126EF3534001AC96A /* Products */,
			);
			sourceTree = "<group>";
		};
		C33A6F3126EF3534001AC96A /* Products */ = {
			isa = PBXGroup;
			children = (
				C33A6F3026EF3534001AC96A /* CodingTest */,
			);
			name = Products;
			sourceTree = "<group>";
		};
		C33A6F3226EF3534001AC96A /* CodingTest */ = {
			isa = PBXGroup;
			children = (
				058BD540299338FE0077D81C /* Mobility */,
				05789C47299213A000943924 /* AutoEver */,
				C30918E328333A0F00BBA72D /* Memo.playground */,
				C33A6F3326EF3534001AC96A /* main.swift */,
				05DCD37128327E840070B0F7 /* ReadLine.swift */,
				C38D322F27112F8200E79497 /* Log.swift */,
				051606B3296FA72600A27FB7 /* Helper.swift */,
				05D79F6E293F1C610008154C /* Extension */,
				0591F1FF290770E40028E40A /* Category */,
				C399DC6E2836247C00A68152 /* DataStructure */,
				C3E36C8B274B259B000955B7 /* LeetCode */,
				C38D322B271127AA00E79497 /* Programmers */,
				05423189282F849100C6E776 /* BOJ */,
			);
			path = CodingTest;
			sourceTree = "<group>";
		};
		C38D322B271127AA00E79497 /* Programmers */ = {
			isa = PBXGroup;
			children = (
				057B815729277ABF00195AC8 /* Level2 */,
				057B81522927652D00195AC8 /* Level1 */,
				C38D322C271127B800E79497 /* Sol_86491.swift */,
				F4C80A10271AB6DE00CD72C4 /* Sol_86051.swift */,
				C38D3233271135AF00E79497 /* Test.swift */,
				C3FBC0EA274DF8C9000983D5 /* Sol_12973.swift */,
				C33C03EE275D924200124432 /* Sol_81302.swift */,
				F48B687A2765E349004CC780 /* Sol_76501.swift */,
				F48B687D2765FC27004CC780 /* Sol_12911.swift */,
				05C198372829346E005D8049 /* Sol_92334.swift */,
				05C19839282936F1005D8049 /* Sol_12948.swift */,
				C300F4502829F07E000E8624 /* Sol_68935.swift */,
				C3252463283B702D0029A63F /* Sol_42840.swift */,
				C38F67A42840957E0054FCFF /* Sol_42839.swift */,
				05D3EC432853388400418EF6 /* Sol_62048.swift */,
				05E9AF4628587E09005FFE57 /* Sol_72411.swift */,
				053BF799285C41B3002F5AA1 /* Sol_64065.swift */,
				0574BCF828E5640F00376808 /* Sol_118666.swift */,
				0574BCFA28E587DD00376808 /* Sol_118667.swift */,
				053B97FC2906250800C52524 /* Sol_92341.swift */,
				05D79F732940827F0008154C /* Sol_92342.swift */,
				0595B80C29498ADE003F39E3 /* Sol_92344.swift */,
			);
			path = Programmers;
			sourceTree = "<group>";
		};
		C399DC632834B94500A68152 /* BruteForce */ = {
			isa = PBXGroup;
			children = (
				C399DC642834B96E00A68152 /* Baekjoon_2231.swift */,
				C399DC662834E30200A68152 /* Baekjoon_2798.swift */,
				C33C1CBC283B7BB000579B0C /* Baekjoon_1018.swift */,
				05136DAD295303C400ECBCAA /* Baekjoon_14889.swift */,
				058497DA2959399400698F97 /* Baekjoon_14888.swift */,
				058497DF295AACDF00698F97 /* Baekjoon_15684.swift */,
			);
			path = BruteForce;
			sourceTree = "<group>";
		};
		C399DC6E2836247C00A68152 /* DataStructure */ = {
			isa = PBXGroup;
			children = (
				C399DC73283624FB00A68152 /* XCTest */,
				C399DC71283624F400A68152 /* Heap.swift */,
				C399DC6F283624C500A68152 /* PriorityQueue.swift */,
				0591F202290777ED0028E40A /* Queue.swift */,
				0581CF9A29879F090096695B /* IO.swift */,
			);
			path = DataStructure;
			sourceTree = "<group>";
		};
		C399DC73283624FB00A68152 /* XCTest */ = {
			isa = PBXGroup;
			children = (
				C399DC742836250700A68152 /* HeapTests.swift */,
				C399DC762836251E00A68152 /* PriorityQueueTests.swift */,
			);
			path = XCTest;
			sourceTree = "<group>";
		};
		C399DC78283627AB00A68152 /* PriorityQueue */ = {
			isa = PBXGroup;
			children = (
				C399DC79283627DA00A68152 /* Baekjoon_11279.swift */,
			);
			path = PriorityQueue;
			sourceTree = "<group>";
		};
		C3E36C8B274B259B000955B7 /* LeetCode */ = {
			isa = PBXGroup;
			children = (
				C3E36C8D274B2628000955B7 /* Palindrome_number.swift */,
				C33C03EC275D915400124432 /* Two_Sum.swift */,
			);
			path = LeetCode;
			sourceTree = "<group>";
		};
/* End PBXGroup section */

/* Begin PBXNativeTarget section */
		C33A6F2F26EF3534001AC96A /* CodingTest */ = {
			isa = PBXNativeTarget;
			buildConfigurationList = C33A6F3726EF3534001AC96A /* Build configuration list for PBXNativeTarget "CodingTest" */;
			buildPhases = (
				C33A6F2C26EF3534001AC96A /* Sources */,
				C33A6F2D26EF3534001AC96A /* Frameworks */,
				C33A6F2E26EF3534001AC96A /* CopyFiles */,
			);
			buildRules = (
			);
			dependencies = (
			);
			name = CodingTest;
			productName = CodingTest;
			productReference = C33A6F3026EF3534001AC96A /* CodingTest */;
			productType = "com.apple.product-type.tool";
		};
/* End PBXNativeTarget section */

/* Begin PBXProject section */
		C33A6F2826EF3534001AC96A /* Project object */ = {
			isa = PBXProject;
			attributes = {
				LastSwiftUpdateCheck = 1240;
				LastUpgradeCheck = 1240;
				TargetAttributes = {
					C33A6F2F26EF3534001AC96A = {
						CreatedOnToolsVersion = 12.4;
					};
				};
			};
			buildConfigurationList = C33A6F2B26EF3534001AC96A /* Build configuration list for PBXProject "CodingTest" */;
			compatibilityVersion = "Xcode 9.3";
			developmentRegion = en;
			hasScannedForEncodings = 0;
			knownRegions = (
				en,
				Base,
			);
			mainGroup = C33A6F2726EF3534001AC96A;
			productRefGroup = C33A6F3126EF3534001AC96A /* Products */;
			projectDirPath = "";
			projectRoot = "";
			targets = (
				C33A6F2F26EF3534001AC96A /* CodingTest */,
			);
		};
/* End PBXProject section */

/* Begin PBXSourcesBuildPhase section */
		C33A6F2C26EF3534001AC96A /* Sources */ = {
			isa = PBXSourcesBuildPhase;
			buildActionMask = 2147483647;
			files = (
				056BEC8D29221530002D99CE /* Baekjoon_1920.swift in Sources */,
				0581CFA32987B5D80096695B /* Baekjoon_11404.swift in Sources */,
				0521FD1C2977EABB0074FB75 /* Baekjoon_11048.swift in Sources */,
				C329DECD283DBEA000DE5248 /* Baekjoon_1110.swift in Sources */,
				C31B94DA2833C2BB0059E872 /* Baekjoon_1715.swift in Sources */,
				C399DC70283624C500A68152 /* PriorityQueue.swift in Sources */,
				058497DB2959399400698F97 /* Baekjoon_14888.swift in Sources */,
				C399DC652834B96E00A68152 /* Baekjoon_2231.swift in Sources */,
				057B815D29277ADE00195AC8 /* Sol_92335.swift in Sources */,
				0581CF9B29879F090096695B /* IO.swift in Sources */,
				C399DC72283624F400A68152 /* Heap.swift in Sources */,
				051606BF2970F5AE00A27FB7 /* Baekjoon_11054.swift in Sources */,
				C30918EF2833834E00BBA72D /* Baekjoon_1946.swift in Sources */,
				C3252464283B702D0029A63F /* Sol_42840.swift in Sources */,
				058BD53F299338F90077D81C /* AutoEverTask01.swift in Sources */,
				05190E532967B67500D62AC1 /* Fibonacci.swift in Sources */,
				0521FD1A2977D15E0074FB75 /* Baekjoon_2193.swift in Sources */,
				05C1983A282936F1005D8049 /* Sol_12948.swift in Sources */,
				056BEC932923642F002D99CE /* Baekjoon_10816.swift in Sources */,
				057B81542927655000195AC8 /* Sol_87389.swift in Sources */,
				058497DE295A8A0000698F97 /* Baekjoon_2667.swift in Sources */,
				05C198382829346E005D8049 /* Sol_92334.swift in Sources */,
				0534E3232951BAE000691F0B /* Baekjoon_10819.swift in Sources */,
				0595B80D29498ADE003F39E3 /* Sol_92344.swift in Sources */,
				0591F201290771060028E40A /* DFS.swift in Sources */,
				C399DC7A283627DA00A68152 /* Baekjoon_11279.swift in Sources */,
				C30918E22833394F00BBA72D /* Baekjoon_11399.swift in Sources */,
				05A5F4442976B75A00D4A4C1 /* Baekjoon_12015.swift in Sources */,
				056BEC9929237E66002D99CE /* Baekjoon_2110.swift in Sources */,
				05D3EC442853388400418EF6 /* Sol_62048.swift in Sources */,
				051606BB296FF65100A27FB7 /* SoldierDeploy.swift in Sources */,
				C399DC672834E30200A68152 /* Baekjoon_2798.swift in Sources */,
				0542318B282F850F00C6E776 /* Baekjoon_5585.swift in Sources */,
				C300F4512829F07E000E8624 /* Sol_68935.swift in Sources */,
				05190E59296823FA00D62AC1 /* Baekjoon_2294.swift in Sources */,
				05190E552967DFE600D62AC1 /* Baekjoon_1463.swift in Sources */,
				056BEC8F29221B3F002D99CE /* Baekjoon_2805.swift in Sources */,
				05B34D0C298CA975006E87D0 /* UnionFind.swift in Sources */,
				C38D323027112F8200E79497 /* Log.swift in Sources */,
				C38D3234271135AF00E79497 /* Test.swift in Sources */,
				C329DECF283DFD0800DE5248 /* Baekjoon_7568.swift in Sources */,
				055E45FC2979280200989003 /* Baekjoon_12865.swift in Sources */,
				F4C80A11271AB6DE00CD72C4 /* Sol_86051.swift in Sources */,
				05D79F742940827F0008154C /* Sol_92342.swift in Sources */,
				058497E0295AACDF00698F97 /* Baekjoon_15684.swift in Sources */,
				05DCD375283284DE0070B0F7 /* Baekjoon_11047.swift in Sources */,
				05D7AE55295E9E7F0071065E /* Baekjoon_2146.swift in Sources */,
				C38F67A52840957E0054FCFF /* Sol_42839.swift in Sources */,
				05D79F70293F1C750008154C /* Sequence.swift in Sources */,
				058BD544299339200077D81C /* Mobility_Task02.swift in Sources */,
				0574BCFB28E587DD00376808 /* Sol_118667.swift in Sources */,
				0591F203290777ED0028E40A /* Queue.swift in Sources */,
				05136DAE295303C400ECBCAA /* Baekjoon_14889.swift in Sources */,
				C38D322D271127B800E79497 /* Sol_86491.swift in Sources */,
				051606BD296FF9B400A27FB7 /* Baekjoon_11053.swift in Sources */,
				056BEC91292361EC002D99CE /* Baekjoon_1654.swift in Sources */,
				051606B6296FE48100A27FB7 /* GoldMine.swift in Sources */,
				053B97FD2906250800C52524 /* Sol_92341.swift in Sources */,
				C33C03EF275D924200124432 /* Sol_81302.swift in Sources */,
				056BEC95292367BB002D99CE /* Baekjoon_10815.swift in Sources */,
				051606C12971598C00A27FB7 /* Baekjoon_11055.swift in Sources */,
				051606B4296FA72600A27FB7 /* Helper.swift in Sources */,
				05A5F44229769A0700D4A4C1 /* Baekjoon_11722.swift in Sources */,
				056BEC9729237DAC002D99CE /* Baekjoon_2512.swift in Sources */,
				058BD547299367190077D81C /* Baekjoon_11659.swift in Sources */,
				05B34D10298CD3BB006E87D0 /* Baekjoon_1922.swift in Sources */,
				05D79F6B293F15FC0008154C /* Permutation.swift in Sources */,
				C33A6F3426EF3534001AC96A /* main.swift in Sources */,
				F48B687B2765E349004CC780 /* Sol_76501.swift in Sources */,
				0534E3212951978500691F0B /* Baekjoon_9663.swift in Sources */,
				C399DC772836251E00A68152 /* PriorityQueueTests.swift in Sources */,
				C3FBC0EB274DF8C9000983D5 /* Sol_12973.swift in Sources */,
				05D79F72294029CC0008154C /* PrimeNumber.swift in Sources */,
				05190E5729680A1500D62AC1 /* Baekjoon_2293.swift in Sources */,
				F48B687E2765FC27004CC780 /* Sol_12911.swift in Sources */,
				057B8156292765B500195AC8 /* Sol_133499.swift in Sources */,
				05E9AF4728587E09005FFE57 /* Sol_72411.swift in Sources */,
				05DCD37228327E840070B0F7 /* ReadLine.swift in Sources */,
				05B34D12298CE3B7006E87D0 /* Baekjoon_2252.swift in Sources */,
				05D79F6D293F16070008154C /* Combination.swift in Sources */,
				C33C1CBD283B7BB000579B0C /* Baekjoon_1018.swift in Sources */,
				C33C03ED275D915400124432 /* Two_Sum.swift in Sources */,
				058BD542299339180077D81C /* Mobility_Task01.swift in Sources */,
				053BF79A285C41B3002F5AA1 /* Sol_64065.swift in Sources */,
				05B34D09298C9432006E87D0 /* FutureCity.swift in Sources */,
				058497E4295C2AC300698F97 /* Baekjoon_14502.swift in Sources */,
				C329DECB283DADB900DE5248 /* Baekjoon_1002.swift in Sources */,
				05F328B5296FA26700208EAC /* AntWarrior.swift in Sources */,
				052FB0F1298A2EC300DA7E84 /* DijkstraBasic.swift in Sources */,
				C3E36C8E274B2628000955B7 /* Palindrome_number.swift in Sources */,
				0534E31F295153A900691F0B /* Baekjoon_15649.swift in Sources */,
				058497E2295AC90400698F97 /* Baekjoon_2178.swift in Sources */,
				C399DC752836250700A68152 /* HeapTests.swift in Sources */,
				058BD549299370480077D81C /* Baekjoon_11660.swift in Sources */,
				05B34D0E298CCDBC006E87D0 /* Kruskal.swift in Sources */,
				0574BCF928E5640F00376808 /* Sol_118666.swift in Sources */,
				05136DB0295442DB00ECBCAA /* Baekjoon_2661.swift in Sources */,
				0591F2052907783D0028E40A /* BFS.swift in Sources */,
				0581CFA02987B5550096695B /* Baekjoon_1753.swift in Sources */,
				055E45FF2979468B00989003 /* Baekjoon_9251.swift in Sources */,
			);
			runOnlyForDeploymentPostprocessing = 0;
		};
/* End PBXSourcesBuildPhase section */

/* Begin XCBuildConfiguration section */
		C33A6F3526EF3534001AC96A /* Debug */ = {
			isa = XCBuildConfiguration;
			buildSettings = {
				ALWAYS_SEARCH_USER_PATHS = NO;
				CLANG_ANALYZER_NONNULL = YES;
				CLANG_ANALYZER_NUMBER_OBJECT_CONVERSION = YES_AGGRESSIVE;
				CLANG_CXX_LANGUAGE_STANDARD = "gnu++14";
				CLANG_CXX_LIBRARY = "libc++";
				CLANG_ENABLE_MODULES = YES;
				CLANG_ENABLE_OBJC_ARC = YES;
				CLANG_ENABLE_OBJC_WEAK = YES;
				CLANG_WARN_BLOCK_CAPTURE_AUTORELEASING = YES;
				CLANG_WARN_BOOL_CONVERSION = YES;
				CLANG_WARN_COMMA = YES;
				CLANG_WARN_CONSTANT_CONVERSION = YES;
				CLANG_WARN_DEPRECATED_OBJC_IMPLEMENTATIONS = YES;
				CLANG_WARN_DIRECT_OBJC_ISA_USAGE = YES_ERROR;
				CLANG_WARN_DOCUMENTATION_COMMENTS = YES;
				CLANG_WARN_EMPTY_BODY = YES;
				CLANG_WARN_ENUM_CONVERSION = YES;
				CLANG_WARN_INFINITE_RECURSION = YES;
				CLANG_WARN_INT_CONVERSION = YES;
				CLANG_WARN_NON_LITERAL_NULL_CONVERSION = YES;
				CLANG_WARN_OBJC_IMPLICIT_RETAIN_SELF = YES;
				CLANG_WARN_OBJC_LITERAL_CONVERSION = YES;
				CLANG_WARN_OBJC_ROOT_CLASS = YES_ERROR;
				CLANG_WARN_QUOTED_INCLUDE_IN_FRAMEWORK_HEADER = YES;
				CLANG_WARN_RANGE_LOOP_ANALYSIS = YES;
				CLANG_WARN_STRICT_PROTOTYPES = YES;
				CLANG_WARN_SUSPICIOUS_MOVE = YES;
				CLANG_WARN_UNGUARDED_AVAILABILITY = YES_AGGRESSIVE;
				CLANG_WARN_UNREACHABLE_CODE = YES;
				CLANG_WARN__DUPLICATE_METHOD_MATCH = YES;
				COPY_PHASE_STRIP = NO;
				DEBUG_INFORMATION_FORMAT = dwarf;
				ENABLE_STRICT_OBJC_MSGSEND = YES;
				ENABLE_TESTABILITY = YES;
				GCC_C_LANGUAGE_STANDARD = gnu11;
				GCC_DYNAMIC_NO_PIC = NO;
				GCC_NO_COMMON_BLOCKS = YES;
				GCC_OPTIMIZATION_LEVEL = 0;
				GCC_PREPROCESSOR_DEFINITIONS = (
					"DEBUG=1",
					"$(inherited)",
				);
				GCC_WARN_64_TO_32_BIT_CONVERSION = YES;
				GCC_WARN_ABOUT_RETURN_TYPE = YES_ERROR;
				GCC_WARN_UNDECLARED_SELECTOR = YES;
				GCC_WARN_UNINITIALIZED_AUTOS = YES_AGGRESSIVE;
				GCC_WARN_UNUSED_FUNCTION = YES;
				GCC_WARN_UNUSED_VARIABLE = YES;
				MACOSX_DEPLOYMENT_TARGET = 10.15;
				MTL_ENABLE_DEBUG_INFO = INCLUDE_SOURCE;
				MTL_FAST_MATH = YES;
				ONLY_ACTIVE_ARCH = YES;
				SDKROOT = macosx;
				SWIFT_ACTIVE_COMPILATION_CONDITIONS = DEBUG;
				SWIFT_OPTIMIZATION_LEVEL = "-Onone";
			};
			name = Debug;
		};
		C33A6F3626EF3534001AC96A /* Release */ = {
			isa = XCBuildConfiguration;
			buildSettings = {
				ALWAYS_SEARCH_USER_PATHS = NO;
				CLANG_ANALYZER_NONNULL = YES;
				CLANG_ANALYZER_NUMBER_OBJECT_CONVERSION = YES_AGGRESSIVE;
				CLANG_CXX_LANGUAGE_STANDARD = "gnu++14";
				CLANG_CXX_LIBRARY = "libc++";
				CLANG_ENABLE_MODULES = YES;
				CLANG_ENABLE_OBJC_ARC = YES;
				CLANG_ENABLE_OBJC_WEAK = YES;
				CLANG_WARN_BLOCK_CAPTURE_AUTORELEASING = YES;
				CLANG_WARN_BOOL_CONVERSION = YES;
				CLANG_WARN_COMMA = YES;
				CLANG_WARN_CONSTANT_CONVERSION = YES;
				CLANG_WARN_DEPRECATED_OBJC_IMPLEMENTATIONS = YES;
				CLANG_WARN_DIRECT_OBJC_ISA_USAGE = YES_ERROR;
				CLANG_WARN_DOCUMENTATION_COMMENTS = YES;
				CLANG_WARN_EMPTY_BODY = YES;
				CLANG_WARN_ENUM_CONVERSION = YES;
				CLANG_WARN_INFINITE_RECURSION = YES;
				CLANG_WARN_INT_CONVERSION = YES;
				CLANG_WARN_NON_LITERAL_NULL_CONVERSION = YES;
				CLANG_WARN_OBJC_IMPLICIT_RETAIN_SELF = YES;
				CLANG_WARN_OBJC_LITERAL_CONVERSION = YES;
				CLANG_WARN_OBJC_ROOT_CLASS = YES_ERROR;
				CLANG_WARN_QUOTED_INCLUDE_IN_FRAMEWORK_HEADER = YES;
				CLANG_WARN_RANGE_LOOP_ANALYSIS = YES;
				CLANG_WARN_STRICT_PROTOTYPES = YES;
				CLANG_WARN_SUSPICIOUS_MOVE = YES;
				CLANG_WARN_UNGUARDED_AVAILABILITY = YES_AGGRESSIVE;
				CLANG_WARN_UNREACHABLE_CODE = YES;
				CLANG_WARN__DUPLICATE_METHOD_MATCH = YES;
				COPY_PHASE_STRIP = NO;
				DEBUG_INFORMATION_FORMAT = "dwarf-with-dsym";
				ENABLE_NS_ASSERTIONS = NO;
				ENABLE_STRICT_OBJC_MSGSEND = YES;
				GCC_C_LANGUAGE_STANDARD = gnu11;
				GCC_NO_COMMON_BLOCKS = YES;
				GCC_WARN_64_TO_32_BIT_CONVERSION = YES;
				GCC_WARN_ABOUT_RETURN_TYPE = YES_ERROR;
				GCC_WARN_UNDECLARED_SELECTOR = YES;
				GCC_WARN_UNINITIALIZED_AUTOS = YES_AGGRESSIVE;
				GCC_WARN_UNUSED_FUNCTION = YES;
				GCC_WARN_UNUSED_VARIABLE = YES;
				MACOSX_DEPLOYMENT_TARGET = 10.15;
				MTL_ENABLE_DEBUG_INFO = NO;
				MTL_FAST_MATH = YES;
				SDKROOT = macosx;
				SWIFT_COMPILATION_MODE = wholemodule;
				SWIFT_OPTIMIZATION_LEVEL = "-O";
			};
			name = Release;
		};
		C33A6F3826EF3534001AC96A /* Debug */ = {
			isa = XCBuildConfiguration;
			buildSettings = {
				CODE_SIGN_STYLE = Automatic;
				DEVELOPMENT_TEAM = U7JXGAK6AA;
				ENABLE_HARDENED_RUNTIME = YES;
				MACOSX_DEPLOYMENT_TARGET = 12.0;
				PRODUCT_NAME = "$(TARGET_NAME)";
				SWIFT_VERSION = 5.0;
			};
			name = Debug;
		};
		C33A6F3926EF3534001AC96A /* Release */ = {
			isa = XCBuildConfiguration;
			buildSettings = {
				CODE_SIGN_STYLE = Automatic;
				DEVELOPMENT_TEAM = U7JXGAK6AA;
				ENABLE_HARDENED_RUNTIME = YES;
				MACOSX_DEPLOYMENT_TARGET = 12.0;
				PRODUCT_NAME = "$(TARGET_NAME)";
				SWIFT_VERSION = 5.0;
			};
			name = Release;
		};
/* End XCBuildConfiguration section */

/* Begin XCConfigurationList section */
		C33A6F2B26EF3534001AC96A /* Build configuration list for PBXProject "CodingTest" */ = {
			isa = XCConfigurationList;
			buildConfigurations = (
				C33A6F3526EF3534001AC96A /* Debug */,
				C33A6F3626EF3534001AC96A /* Release */,
			);
			defaultConfigurationIsVisible = 0;
			defaultConfigurationName = Release;
		};
		C33A6F3726EF3534001AC96A /* Build configuration list for PBXNativeTarget "CodingTest" */ = {
			isa = XCConfigurationList;
			buildConfigurations = (
				C33A6F3826EF3534001AC96A /* Debug */,
				C33A6F3926EF3534001AC96A /* Release */,
			);
			defaultConfigurationIsVisible = 0;
			defaultConfigurationName = Release;
		};
/* End XCConfigurationList section */
	};
	rootObject = C33A6F2826EF3534001AC96A /* Project object */;
}
