// !$*UTF8*$!
{
	archiveVersion = 1;
	classes = {
	};
	objectVersion = 50;
	objects = {

/* Begin PBXBuildFile section */
		C33A6F3426EF3534001AC96A /* main.swift in Sources */ = {isa = PBXBuildFile; fileRef = C33A6F3326EF3534001AC96A /* main.swift */; };
		C33C03ED275D915400124432 /* Two_Sum.swift in Sources */ = {isa = PBXBuildFile; fileRef = C33C03EC275D915400124432 /* Two_Sum.swift */; };
		C33C03EF275D924200124432 /* Sol_81302.swift in Sources */ = {isa = PBXBuildFile; fileRef = C33C03EE275D924200124432 /* Sol_81302.swift */; };
		C38D322D271127B800E79497 /* Sol_86491.swift in Sources */ = {isa = PBXBuildFile; fileRef = C38D322C271127B800E79497 /* Sol_86491.swift */; };
		C38D323027112F8200E79497 /* Log.swift in Sources */ = {isa = PBXBuildFile; fileRef = C38D322F27112F8200E79497 /* Log.swift */; };
		C38D3234271135AF00E79497 /* Test.swift in Sources */ = {isa = PBXBuildFile; fileRef = C38D3233271135AF00E79497 /* Test.swift */; };
		C3E36C8E274B2628000955B7 /* Palindrome_number.swift in Sources */ = {isa = PBXBuildFile; fileRef = C3E36C8D274B2628000955B7 /* Palindrome_number.swift */; };
		C3FBC0EB274DF8C9000983D5 /* Sol_12973.swift in Sources */ = {isa = PBXBuildFile; fileRef = C3FBC0EA274DF8C9000983D5 /* Sol_12973.swift */; };
		F48B687B2765E349004CC780 /* Sol_76501.swift in Sources */ = {isa = PBXBuildFile; fileRef = F48B687A2765E349004CC780 /* Sol_76501.swift */; };
		F48B687E2765FC27004CC780 /* Sol_12911.swift in Sources */ = {isa = PBXBuildFile; fileRef = F48B687D2765FC27004CC780 /* Sol_12911.swift */; };
		F4C80A11271AB6DE00CD72C4 /* Sol_86051.swift in Sources */ = {isa = PBXBuildFile; fileRef = F4C80A10271AB6DE00CD72C4 /* Sol_86051.swift */; };
/* End PBXBuildFile section */

/* Begin PBXCopyFilesBuildPhase section */
		C33A6F2E26EF3534001AC96A /* CopyFiles */ = {
			isa = PBXCopyFilesBuildPhase;
			buildActionMask = 2147483647;
			dstPath = /usr/share/man/man1/;
			dstSubfolderSpec = 0;
			files = (
			);
			runOnlyForDeploymentPostprocessing = 1;
		};
/* End PBXCopyFilesBuildPhase section */

/* Begin PBXFileReference section */
		C33A6F3026EF3534001AC96A /* CodingTest */ = {isa = PBXFileReference; explicitFileType = "compiled.mach-o.executable"; includeInIndex = 0; path = CodingTest; sourceTree = BUILT_PRODUCTS_DIR; };
		C33A6F3326EF3534001AC96A /* main.swift */ = {isa = PBXFileReference; lastKnownFileType = sourcecode.swift; path = main.swift; sourceTree = "<group>"; };
		C33C03EC275D915400124432 /* Two_Sum.swift */ = {isa = PBXFileReference; lastKnownFileType = sourcecode.swift; path = Two_Sum.swift; sourceTree = "<group>"; };
		C33C03EE275D924200124432 /* Sol_81302.swift */ = {isa = PBXFileReference; lastKnownFileType = sourcecode.swift; path = Sol_81302.swift; sourceTree = "<group>"; };
		C38D322C271127B800E79497 /* Sol_86491.swift */ = {isa = PBXFileReference; lastKnownFileType = sourcecode.swift; path = Sol_86491.swift; sourceTree = "<group>"; };
		C38D322F27112F8200E79497 /* Log.swift */ = {isa = PBXFileReference; lastKnownFileType = sourcecode.swift; path = Log.swift; sourceTree = "<group>"; };
		C38D3233271135AF00E79497 /* Test.swift */ = {isa = PBXFileReference; lastKnownFileType = sourcecode.swift; path = Test.swift; sourceTree = "<group>"; };
		C3E36C8D274B2628000955B7 /* Palindrome_number.swift */ = {isa = PBXFileReference; lastKnownFileType = sourcecode.swift; path = Palindrome_number.swift; sourceTree = "<group>"; };
		C3FBC0EA274DF8C9000983D5 /* Sol_12973.swift */ = {isa = PBXFileReference; lastKnownFileType = sourcecode.swift; path = Sol_12973.swift; sourceTree = "<group>"; };
		F48B687A2765E349004CC780 /* Sol_76501.swift */ = {isa = PBXFileReference; lastKnownFileType = sourcecode.swift; path = Sol_76501.swift; sourceTree = "<group>"; };
		F48B687D2765FC27004CC780 /* Sol_12911.swift */ = {isa = PBXFileReference; lastKnownFileType = sourcecode.swift; path = Sol_12911.swift; sourceTree = "<group>"; };
		F4C80A10271AB6DE00CD72C4 /* Sol_86051.swift */ = {isa = PBXFileReference; lastKnownFileType = sourcecode.swift; path = Sol_86051.swift; sourceTree = "<group>"; };
		F4C80A14271ABB4800CD72C4 /* README.md */ = {isa = PBXFileReference; lastKnownFileType = net.daringfireball.markdown; path = README.md; sourceTree = "<group>"; };
/* End PBXFileReference section */

/* Begin PBXFrameworksBuildPhase section */
		C33A6F2D26EF3534001AC96A /* Frameworks */ = {
			isa = PBXFrameworksBuildPhase;
			buildActionMask = 2147483647;
			files = (
			);
			runOnlyForDeploymentPostprocessing = 0;
		};
/* End PBXFrameworksBuildPhase section */

/* Begin PBXGroup section */
		C33A6F2726EF3534001AC96A = {
			isa = PBXGroup;
			children = (
				F4C80A14271ABB4800CD72C4 /* README.md */,
				C33A6F3226EF3534001AC96A /* CodingTest */,
				C33A6F3126EF3534001AC96A /* Products */,
			);
			sourceTree = "<group>";
		};
		C33A6F3126EF3534001AC96A /* Products */ = {
			isa = PBXGroup;
			children = (
				C33A6F3026EF3534001AC96A /* CodingTest */,
			);
			name = Products;
			sourceTree = "<group>";
		};
		C33A6F3226EF3534001AC96A /* CodingTest */ = {
			isa = PBXGroup;
			children = (
				C33A6F3326EF3534001AC96A /* main.swift */,
				C38D322F27112F8200E79497 /* Log.swift */,
				C3E36C8B274B259B000955B7 /* LeetCode */,
				C38D322B271127AA00E79497 /* Programmers */,
			);
			path = CodingTest;
			sourceTree = "<group>";
		};
		C38D322B271127AA00E79497 /* Programmers */ = {
			isa = PBXGroup;
			children = (
				C38D322C271127B800E79497 /* Sol_86491.swift */,
				F4C80A10271AB6DE00CD72C4 /* Sol_86051.swift */,
				C38D3233271135AF00E79497 /* Test.swift */,
				C3FBC0EA274DF8C9000983D5 /* Sol_12973.swift */,
				C33C03EE275D924200124432 /* Sol_81302.swift */,
				F48B687A2765E349004CC780 /* Sol_76501.swift */,
				F48B687D2765FC27004CC780 /* Sol_12911.swift */,
			);
			path = Programmers;
			sourceTree = "<group>";
		};
		C3E36C8B274B259B000955B7 /* LeetCode */ = {
			isa = PBXGroup;
			children = (
				C3E36C8D274B2628000955B7 /* Palindrome_number.swift */,
				C33C03EC275D915400124432 /* Two_Sum.swift */,
			);
			path = LeetCode;
			sourceTree = "<group>";
		};
/* End PBXGroup section */

/* Begin PBXNativeTarget section */
		C33A6F2F26EF3534001AC96A /* CodingTest */ = {
			isa = PBXNativeTarget;
			buildConfigurationList = C33A6F3726EF3534001AC96A /* Build configuration list for PBXNativeTarget "CodingTest" */;
			buildPhases = (
				C33A6F2C26EF3534001AC96A /* Sources */,
				C33A6F2D26EF3534001AC96A /* Frameworks */,
				C33A6F2E26EF3534001AC96A /* CopyFiles */,
			);
			buildRules = (
			);
			dependencies = (
			);
			name = CodingTest;
			productName = CodingTest;
			productReference = C33A6F3026EF3534001AC96A /* CodingTest */;
			productType = "com.apple.product-type.tool";
		};
/* End PBXNativeTarget section */

/* Begin PBXProject section */
		C33A6F2826EF3534001AC96A /* Project object */ = {
			isa = PBXProject;
			attributes = {
				LastSwiftUpdateCheck = 1240;
				LastUpgradeCheck = 1240;
				TargetAttributes = {
					C33A6F2F26EF3534001AC96A = {
						CreatedOnToolsVersion = 12.4;
					};
				};
			};
			buildConfigurationList = C33A6F2B26EF3534001AC96A /* Build configuration list for PBXProject "CodingTest" */;
			compatibilityVersion = "Xcode 9.3";
			developmentRegion = en;
			hasScannedForEncodings = 0;
			knownRegions = (
				en,
				Base,
			);
			mainGroup = C33A6F2726EF3534001AC96A;
			productRefGroup = C33A6F3126EF3534001AC96A /* Products */;
			projectDirPath = "";
			projectRoot = "";
			targets = (
				C33A6F2F26EF3534001AC96A /* CodingTest */,
			);
		};
/* End PBXProject section */

/* Begin PBXSourcesBuildPhase section */
		C33A6F2C26EF3534001AC96A /* Sources */ = {
			isa = PBXSourcesBuildPhase;
			buildActionMask = 2147483647;
			files = (
				C38D323027112F8200E79497 /* Log.swift in Sources */,
				C38D3234271135AF00E79497 /* Test.swift in Sources */,
				F4C80A11271AB6DE00CD72C4 /* Sol_86051.swift in Sources */,
				C38D322D271127B800E79497 /* Sol_86491.swift in Sources */,
				C33C03EF275D924200124432 /* Sol_81302.swift in Sources */,
				C33A6F3426EF3534001AC96A /* main.swift in Sources */,
				F48B687B2765E349004CC780 /* Sol_76501.swift in Sources */,
				C3FBC0EB274DF8C9000983D5 /* Sol_12973.swift in Sources */,
				F48B687E2765FC27004CC780 /* Sol_12911.swift in Sources */,
				C33C03ED275D915400124432 /* Two_Sum.swift in Sources */,
				C3E36C8E274B2628000955B7 /* Palindrome_number.swift in Sources */,
			);
			runOnlyForDeploymentPostprocessing = 0;
		};
/* End PBXSourcesBuildPhase section */

/* Begin XCBuildConfiguration section */
		C33A6F3526EF3534001AC96A /* Debug */ = {
			isa = XCBuildConfiguration;
			buildSettings = {
				ALWAYS_SEARCH_USER_PATHS = NO;
				CLANG_ANALYZER_NONNULL = YES;
				CLANG_ANALYZER_NUMBER_OBJECT_CONVERSION = YES_AGGRESSIVE;
				CLANG_CXX_LANGUAGE_STANDARD = "gnu++14";
				CLANG_CXX_LIBRARY = "libc++";
				CLANG_ENABLE_MODULES = YES;
				CLANG_ENABLE_OBJC_ARC = YES;
				CLANG_ENABLE_OBJC_WEAK = YES;
				CLANG_WARN_BLOCK_CAPTURE_AUTORELEASING = YES;
				CLANG_WARN_BOOL_CONVERSION = YES;
				CLANG_WARN_COMMA = YES;
				CLANG_WARN_CONSTANT_CONVERSION = YES;
				CLANG_WARN_DEPRECATED_OBJC_IMPLEMENTATIONS = YES;
				CLANG_WARN_DIRECT_OBJC_ISA_USAGE = YES_ERROR;
				CLANG_WARN_DOCUMENTATION_COMMENTS = YES;
				CLANG_WARN_EMPTY_BODY = YES;
				CLANG_WARN_ENUM_CONVERSION = YES;
				CLANG_WARN_INFINITE_RECURSION = YES;
				CLANG_WARN_INT_CONVERSION = YES;
				CLANG_WARN_NON_LITERAL_NULL_CONVERSION = YES;
				CLANG_WARN_OBJC_IMPLICIT_RETAIN_SELF = YES;
				CLANG_WARN_OBJC_LITERAL_CONVERSION = YES;
				CLANG_WARN_OBJC_ROOT_CLASS = YES_ERROR;
				CLANG_WARN_QUOTED_INCLUDE_IN_FRAMEWORK_HEADER = YES;
				CLANG_WARN_RANGE_LOOP_ANALYSIS = YES;
				CLANG_WARN_STRICT_PROTOTYPES = YES;
				CLANG_WARN_SUSPICIOUS_MOVE = YES;
				CLANG_WARN_UNGUARDED_AVAILABILITY = YES_AGGRESSIVE;
				CLANG_WARN_UNREACHABLE_CODE = YES;
				CLANG_WARN__DUPLICATE_METHOD_MATCH = YES;
				COPY_PHASE_STRIP = NO;
				DEBUG_INFORMATION_FORMAT = dwarf;
				ENABLE_STRICT_OBJC_MSGSEND = YES;
				ENABLE_TESTABILITY = YES;
				GCC_C_LANGUAGE_STANDARD = gnu11;
				GCC_DYNAMIC_NO_PIC = NO;
				GCC_NO_COMMON_BLOCKS = YES;
				GCC_OPTIMIZATION_LEVEL = 0;
				GCC_PREPROCESSOR_DEFINITIONS = (
					"DEBUG=1",
					"$(inherited)",
				);
				GCC_WARN_64_TO_32_BIT_CONVERSION = YES;
				GCC_WARN_ABOUT_RETURN_TYPE = YES_ERROR;
				GCC_WARN_UNDECLARED_SELECTOR = YES;
				GCC_WARN_UNINITIALIZED_AUTOS = YES_AGGRESSIVE;
				GCC_WARN_UNUSED_FUNCTION = YES;
				GCC_WARN_UNUSED_VARIABLE = YES;
				MACOSX_DEPLOYMENT_TARGET = 10.15;
				MTL_ENABLE_DEBUG_INFO = INCLUDE_SOURCE;
				MTL_FAST_MATH = YES;
				ONLY_ACTIVE_ARCH = YES;
				SDKROOT = macosx;
				SWIFT_ACTIVE_COMPILATION_CONDITIONS = DEBUG;
				SWIFT_OPTIMIZATION_LEVEL = "-Onone";
			};
			name = Debug;
		};
		C33A6F3626EF3534001AC96A /* Release */ = {
			isa = XCBuildConfiguration;
			buildSettings = {
				ALWAYS_SEARCH_USER_PATHS = NO;
				CLANG_ANALYZER_NONNULL = YES;
				CLANG_ANALYZER_NUMBER_OBJECT_CONVERSION = YES_AGGRESSIVE;
				CLANG_CXX_LANGUAGE_STANDARD = "gnu++14";
				CLANG_CXX_LIBRARY = "libc++";
				CLANG_ENABLE_MODULES = YES;
				CLANG_ENABLE_OBJC_ARC = YES;
				CLANG_ENABLE_OBJC_WEAK = YES;
				CLANG_WARN_BLOCK_CAPTURE_AUTORELEASING = YES;
				CLANG_WARN_BOOL_CONVERSION = YES;
				CLANG_WARN_COMMA = YES;
				CLANG_WARN_CONSTANT_CONVERSION = YES;
				CLANG_WARN_DEPRECATED_OBJC_IMPLEMENTATIONS = YES;
				CLANG_WARN_DIRECT_OBJC_ISA_USAGE = YES_ERROR;
				CLANG_WARN_DOCUMENTATION_COMMENTS = YES;
				CLANG_WARN_EMPTY_BODY = YES;
				CLANG_WARN_ENUM_CONVERSION = YES;
				CLANG_WARN_INFINITE_RECURSION = YES;
				CLANG_WARN_INT_CONVERSION = YES;
				CLANG_WARN_NON_LITERAL_NULL_CONVERSION = YES;
				CLANG_WARN_OBJC_IMPLICIT_RETAIN_SELF = YES;
				CLANG_WARN_OBJC_LITERAL_CONVERSION = YES;
				CLANG_WARN_OBJC_ROOT_CLASS = YES_ERROR;
				CLANG_WARN_QUOTED_INCLUDE_IN_FRAMEWORK_HEADER = YES;
				CLANG_WARN_RANGE_LOOP_ANALYSIS = YES;
				CLANG_WARN_STRICT_PROTOTYPES = YES;
				CLANG_WARN_SUSPICIOUS_MOVE = YES;
				CLANG_WARN_UNGUARDED_AVAILABILITY = YES_AGGRESSIVE;
				CLANG_WARN_UNREACHABLE_CODE = YES;
				CLANG_WARN__DUPLICATE_METHOD_MATCH = YES;
				COPY_PHASE_STRIP = NO;
				DEBUG_INFORMATION_FORMAT = "dwarf-with-dsym";
				ENABLE_NS_ASSERTIONS = NO;
				ENABLE_STRICT_OBJC_MSGSEND = YES;
				GCC_C_LANGUAGE_STANDARD = gnu11;
				GCC_NO_COMMON_BLOCKS = YES;
				GCC_WARN_64_TO_32_BIT_CONVERSION = YES;
				GCC_WARN_ABOUT_RETURN_TYPE = YES_ERROR;
				GCC_WARN_UNDECLARED_SELECTOR = YES;
				GCC_WARN_UNINITIALIZED_AUTOS = YES_AGGRESSIVE;
				GCC_WARN_UNUSED_FUNCTION = YES;
				GCC_WARN_UNUSED_VARIABLE = YES;
				MACOSX_DEPLOYMENT_TARGET = 10.15;
				MTL_ENABLE_DEBUG_INFO = NO;
				MTL_FAST_MATH = YES;
				SDKROOT = macosx;
				SWIFT_COMPILATION_MODE = wholemodule;
				SWIFT_OPTIMIZATION_LEVEL = "-O";
			};
			name = Release;
		};
		C33A6F3826EF3534001AC96A /* Debug */ = {
			isa = XCBuildConfiguration;
			buildSettings = {
				CODE_SIGN_STYLE = Automatic;
				DEVELOPMENT_TEAM = U7JXGAK6AA;
				ENABLE_HARDENED_RUNTIME = YES;
				PRODUCT_NAME = "$(TARGET_NAME)";
				SWIFT_VERSION = 5.0;
			};
			name = Debug;
		};
		C33A6F3926EF3534001AC96A /* Release */ = {
			isa = XCBuildConfiguration;
			buildSettings = {
				CODE_SIGN_STYLE = Automatic;
				DEVELOPMENT_TEAM = U7JXGAK6AA;
				ENABLE_HARDENED_RUNTIME = YES;
				PRODUCT_NAME = "$(TARGET_NAME)";
				SWIFT_VERSION = 5.0;
			};
			name = Release;
		};
/* End XCBuildConfiguration section */

/* Begin XCConfigurationList section */
		C33A6F2B26EF3534001AC96A /* Build configuration list for PBXProject "CodingTest" */ = {
			isa = XCConfigurationList;
			buildConfigurations = (
				C33A6F3526EF3534001AC96A /* Debug */,
				C33A6F3626EF3534001AC96A /* Release */,
			);
			defaultConfigurationIsVisible = 0;
			defaultConfigurationName = Release;
		};
		C33A6F3726EF3534001AC96A /* Build configuration list for PBXNativeTarget "CodingTest" */ = {
			isa = XCConfigurationList;
			buildConfigurations = (
				C33A6F3826EF3534001AC96A /* Debug */,
				C33A6F3926EF3534001AC96A /* Release */,
			);
			defaultConfigurationIsVisible = 0;
			defaultConfigurationName = Release;
		};
/* End XCConfigurationList section */
	};
	rootObject = C33A6F2826EF3534001AC96A /* Project object */;
}
